
Microsoft Visual Studio Solution File, Format Version 12.00
# Visual Studio 14
VisualStudioVersion = 14.0.25420.1
MinimumVisualStudioVersion = 10.0.40219.1
Project("{FAE04EC0-301F-11D3-BF4B-00C04F79EFBC}") = "ABC", "ABC\ABC.csproj", "{63861F1D-0817-48A6-A4C9-3A9E083B598C}"
EndProject
Project("{FAE04EC0-301F-11D3-BF4B-00C04F79EFBC}") = "Database", "Database\Database.csproj", "{6D2F8FE5-8428-47FC-B28C-694D3A6EBE70}"
EndProject
Global
	GlobalSection(SolutionConfigurationPlatforms) = preSolution
		Debug|Any CPU = Debug|Any CPU
		Release|Any CPU = Release|Any CPU
	EndGlobalSection
	GlobalSection(ProjectConfigurationPlatforms) = postSolution
		{63861F1D-0817-48A6-A4C9-3A9E083B598C}.Debug|Any CPU.ActiveCfg = Debug|Any CPU
		{63861F1D-0817-48A6-A4C9-3A9E083B598C}.Debug|Any CPU.Build.0 = Debug|Any CPU
		{63861F1D-0817-48A6-A4C9-3A9E083B598C}.Release|Any CPU.ActiveCfg = Release|Any CPU
		{63861F1D-0817-48A6-A4C9-3A9E083B598C}.Release|Any CPU.Build.0 = Release|Any CPU
		{6D2F8FE5-8428-47FC-B28C-694D3A6EBE70}.Debug|Any CPU.ActiveCfg = Debug|Any CPU
		{6D2F8FE5-8428-47FC-B28C-694D3A6EBE70}.Debug|Any CPU.Build.0 = Debug|Any CPU
		{6D2F8FE5-8428-47FC-B28C-694D3A6EBE70}.Release|Any CPU.ActiveCfg = Release|Any CPU
		{6D2F8FE5-8428-47FC-B28C-694D3A6EBE70}.Release|Any CPU.Build.0 = Release|Any CPU
	EndGlobalSection
	GlobalSection(SolutionProperties) = preSolution
		HideSolutionNode = FALSE
	EndGlobalSection
EndGlobal
